
Microsoft Visual Studio Solution File, Format Version 12.00
# Visual Studio 15
VisualStudioVersion = 15.0.27130.2026
MinimumVisualStudioVersion = 10.0.40219.1
Project("{8BC9CEB8-8B4A-11D0-8D11-00A0C91BC942}") = "电梯", "电梯\电梯.vcxproj", "{B4497BF2-76FF-453B-B9F3-23D1A8077FF9}"
EndProject
Global
	GlobalSection(SolutionConfigurationPlatforms) = preSolution
		Debug|x64 = Debug|x64
		Debug|x86 = Debug|x86
		Release|x64 = Release|x64
		Release|x86 = Release|x86
	EndGlobalSection
	GlobalSection(ProjectConfigurationPlatforms) = postSolution
		{B4497BF2-76FF-453B-B9F3-23D1A8077FF9}.Debug|x64.ActiveCfg = Debug|x64
		{B4497BF2-76FF-453B-B9F3-23D1A8077FF9}.Debug|x64.Build.0 = Debug|x64
		{B4497BF2-76FF-453B-B9F3-23D1A8077FF9}.Debug|x86.ActiveCfg = Debug|Win32
		{B4497BF2-76FF-453B-B9F3-23D1A8077FF9}.Debug|x86.Build.0 = Debug|Win32
		{B4497BF2-76FF-453B-B9F3-23D1A8077FF9}.Release|x64.ActiveCfg = Release|x64
		{B4497BF2-76FF-453B-B9F3-23D1A8077FF9}.Release|x64.Build.0 = Release|x64
		{B4497BF2-76FF-453B-B9F3-23D1A8077FF9}.Release|x86.ActiveCfg = Release|Win32
		{B4497BF2-76FF-453B-B9F3-23D1A8077FF9}.Release|x86.Build.0 = Release|Win32
	EndGlobalSection
	GlobalSection(SolutionProperties) = preSolution
		HideSolutionNode = FALSE
	EndGlobalSection
	GlobalSection(ExtensibilityGlobals) = postSolution
		SolutionGuid = {F808743A-DD97-417E-824A-A84181957986}
	EndGlobalSection
EndGlobal
